
Microsoft Visual Studio Solution File, Format Version 12.00
# Visual Studio Version 17
VisualStudioVersion = 17.3.32922.545
MinimumVisualStudioVersion = 10.0.40219.1
Project("{FAE04EC0-301F-11D3-BF4B-00C04F79EFBC}") = "BlueBrassCondor", "BlueBrassCondor\BlueBrassCondor.csproj", "{37A3F46F-6CBC-41F7-84E2-53D7DE7A4582}"
EndProject
Global
	GlobalSection(SolutionConfigurationPlatforms) = preSolution
		Debug|Any CPU = Debug|Any CPU
		Release|Any CPU = Release|Any CPU
	EndGlobalSection
	GlobalSection(ProjectConfigurationPlatforms) = postSolution
		{37A3F46F-6CBC-41F7-84E2-53D7DE7A4582}.Debug|Any CPU.ActiveCfg = Debug|Any CPU
		{37A3F46F-6CBC-41F7-84E2-53D7DE7A4582}.Debug|Any CPU.Build.0 = Debug|Any CPU
		{37A3F46F-6CBC-41F7-84E2-53D7DE7A4582}.Release|Any CPU.ActiveCfg = Release|Any CPU
		{37A3F46F-6CBC-41F7-84E2-53D7DE7A4582}.Release|Any CPU.Build.0 = Release|Any CPU
	EndGlobalSection
	GlobalSection(SolutionProperties) = preSolution
		HideSolutionNode = FALSE
	EndGlobalSection
	GlobalSection(ExtensibilityGlobals) = postSolution
		SolutionGuid = {9AE1B5B9-8AE8-41E5-BA97-9BAF98998FD0}
	EndGlobalSection
EndGlobal
